
Microsoft Visual Studio Solution File, Format Version 12.00
# Visual Studio Version 17
VisualStudioVersion = 17.3.32901.215
MinimumVisualStudioVersion = 10.0.40219.1
Project("{FAE04EC0-301F-11D3-BF4B-00C04F79EFBC}") = "работа 4", "работа 4\работа 4.csproj", "{5B73B02C-88FC-42B1-B4C1-77FA5E814FB4}"
EndProject
Global
	GlobalSection(SolutionConfigurationPlatforms) = preSolution
		Debug|Any CPU = Debug|Any CPU
		Release|Any CPU = Release|Any CPU
	EndGlobalSection
	GlobalSection(ProjectConfigurationPlatforms) = postSolution
		{5B73B02C-88FC-42B1-B4C1-77FA5E814FB4}.Debug|Any CPU.ActiveCfg = Debug|Any CPU
		{5B73B02C-88FC-42B1-B4C1-77FA5E814FB4}.Debug|Any CPU.Build.0 = Debug|Any CPU
		{5B73B02C-88FC-42B1-B4C1-77FA5E814FB4}.Release|Any CPU.ActiveCfg = Release|Any CPU
		{5B73B02C-88FC-42B1-B4C1-77FA5E814FB4}.Release|Any CPU.Build.0 = Release|Any CPU
	EndGlobalSection
	GlobalSection(SolutionProperties) = preSolution
		HideSolutionNode = FALSE
	EndGlobalSection
	GlobalSection(ExtensibilityGlobals) = postSolution
		SolutionGuid = {A082DE25-4BE1-4825-BDBE-2BEBB456957F}
	EndGlobalSection
EndGlobal
