
Microsoft Visual Studio Solution File, Format Version 12.00
# Visual Studio Version 17
VisualStudioVersion = 17.3.32901.215
MinimumVisualStudioVersion = 10.0.40219.1
Project("{FAE04EC0-301F-11D3-BF4B-00C04F79EFBC}") = "practica 1", "practica 1\practica 1.csproj", "{93981E3C-F983-4A1D-96D8-DB3182364BD2}"
EndProject
Global
	GlobalSection(SolutionConfigurationPlatforms) = preSolution
		Debug|Any CPU = Debug|Any CPU
		Release|Any CPU = Release|Any CPU
	EndGlobalSection
	GlobalSection(ProjectConfigurationPlatforms) = postSolution
		{93981E3C-F983-4A1D-96D8-DB3182364BD2}.Debug|Any CPU.ActiveCfg = Debug|Any CPU
		{93981E3C-F983-4A1D-96D8-DB3182364BD2}.Debug|Any CPU.Build.0 = Debug|Any CPU
		{93981E3C-F983-4A1D-96D8-DB3182364BD2}.Release|Any CPU.ActiveCfg = Release|Any CPU
		{93981E3C-F983-4A1D-96D8-DB3182364BD2}.Release|Any CPU.Build.0 = Release|Any CPU
	EndGlobalSection
	GlobalSection(SolutionProperties) = preSolution
		HideSolutionNode = FALSE
	EndGlobalSection
	GlobalSection(ExtensibilityGlobals) = postSolution
		SolutionGuid = {8A81C6FA-7ABB-4502-A337-ECD534757BE1}
	EndGlobalSection
EndGlobal
